
Microsoft Visual Studio Solution File, Format Version 12.00
# Visual Studio Version 16
VisualStudioVersion = 16.0.29503.13
MinimumVisualStudioVersion = 10.0.40219.1
Project("{FAE04EC0-301F-11D3-BF4B-00C04F79EFBC}") = "Eventos1", "Eventos1\Eventos1.csproj", "{47BE28CF-1AE1-4B1F-899C-AB021A3DF556}"
EndProject
Global
	GlobalSection(SolutionConfigurationPlatforms) = preSolution
		Debug|Any CPU = Debug|Any CPU
		Release|Any CPU = Release|Any CPU
	EndGlobalSection
	GlobalSection(ProjectConfigurationPlatforms) = postSolution
		{47BE28CF-1AE1-4B1F-899C-AB021A3DF556}.Debug|Any CPU.ActiveCfg = Debug|Any CPU
		{47BE28CF-1AE1-4B1F-899C-AB021A3DF556}.Debug|Any CPU.Build.0 = Debug|Any CPU
		{47BE28CF-1AE1-4B1F-899C-AB021A3DF556}.Release|Any CPU.ActiveCfg = Release|Any CPU
		{47BE28CF-1AE1-4B1F-899C-AB021A3DF556}.Release|Any CPU.Build.0 = Release|Any CPU
	EndGlobalSection
	GlobalSection(SolutionProperties) = preSolution
		HideSolutionNode = FALSE
	EndGlobalSection
	GlobalSection(ExtensibilityGlobals) = postSolution
		SolutionGuid = {19984A4B-A6A5-4B82-804E-C12EFD9DD689}
	EndGlobalSection
EndGlobal
